// !$*UTF8*$!
{
	archiveVersion = 1;
	classes = {
	};
	objectVersion = 48;
	objects = {

/* Begin PBXBuildFile section */
		092C993A1F05EF00005CBCB7 /* AppDelegate.swift in Sources */ = {isa = PBXBuildFile; fileRef = 092C99391F05EF00005CBCB7 /* AppDelegate.swift */; };
		092C993C1F05EF00005CBCB7 /* ViewController.swift in Sources */ = {isa = PBXBuildFile; fileRef = 092C993B1F05EF00005CBCB7 /* ViewController.swift */; };
		092C993F1F05EF00005CBCB7 /* Main.storyboard in Resources */ = {isa = PBXBuildFile; fileRef = 092C993D1F05EF00005CBCB7 /* Main.storyboard */; };
		092C99411F05EF00005CBCB7 /* Assets.xcassets in Resources */ = {isa = PBXBuildFile; fileRef = 092C99401F05EF00005CBCB7 /* Assets.xcassets */; };
		092C99441F05EF00005CBCB7 /* LaunchScreen.storyboard in Resources */ = {isa = PBXBuildFile; fileRef = 092C99421F05EF00005CBCB7 /* LaunchScreen.storyboard */; };
/* End PBXBuildFile section */

/* Begin PBXFileReference section */
		092C99361F05EF00005CBCB7 /* iOS11.app */ = {isa = PBXFileReference; explicitFileType = wrapper.application; includeInIndex = 0; path = iOS11.app; sourceTree = BUILT_PRODUCTS_DIR; };
		092C99391F05EF00005CBCB7 /* AppDelegate.swift */ = {isa = PBXFileReference; lastKnownFileType = sourcecode.swift; path = AppDelegate.swift; sourceTree = "<group>"; };
		092C993B1F05EF00005CBCB7 /* ViewController.swift */ = {isa = PBXFileReference; lastKnownFileType = sourcecode.swift; path = ViewController.swift; sourceTree = "<group>"; };
		092C993E1F05EF00005CBCB7 /* Base */ = {isa = PBXFileReference; lastKnownFileType = file.storyboard; name = Base; path = Base.lproj/Main.storyboard; sourceTree = "<group>"; };
		092C99401F05EF00005CBCB7 /* Assets.xcassets */ = {isa = PBXFileReference; lastKnownFileType = folder.assetcatalog; path = Assets.xcassets; sourceTree = "<group>"; };
		092C99431F05EF00005CBCB7 /* Base */ = {isa = PBXFileReference; lastKnownFileType = file.storyboard; name = Base; path = Base.lproj/LaunchScreen.storyboard; sourceTree = "<group>"; };
		092C99451F05EF00005CBCB7 /* Info.plist */ = {isa = PBXFileReference; lastKnownFileType = text.plist.xml; path = Info.plist; sourceTree = "<group>"; };
/* End PBXFileReference section */

/* Begin PBXFrameworksBuildPhase section */
		092C99331F05EF00005CBCB7 /* Frameworks */ = {
			isa = PBXFrameworksBuildPhase;
			buildActionMask = 2147483647;
			files = (
			);
			runOnlyForDeploymentPostprocessing = 0;
		};
/* End PBXFrameworksBuildPhase section */

/* Begin PBXGroup section */
		092C992D1F05EF00005CBCB7 = {
			isa = PBXGroup;
			children = (
				092C99381F05EF00005CBCB7 /* iOS11 */,
				092C99371F05EF00005CBCB7 /* Products */,
			);
			sourceTree = "<group>";
		};
		092C99371F05EF00005CBCB7 /* Products */ = {
			isa = PBXGroup;
			children = (
				092C99361F05EF00005CBCB7 /* iOS11.app */,
			);
			name = Products;
			sourceTree = "<group>";
		};
		092C99381F05EF00005CBCB7 /* iOS11 */ = {
			isa = PBXGroup;
			children = (
				092C99391F05EF00005CBCB7 /* AppDelegate.swift */,
				092C993B1F05EF00005CBCB7 /* ViewController.swift */,
				092C993D1F05EF00005CBCB7 /* Main.storyboard */,
				092C99401F05EF00005CBCB7 /* Assets.xcassets */,
				092C99421F05EF00005CBCB7 /* LaunchScreen.storyboard */,
				092C99451F05EF00005CBCB7 /* Info.plist */,
			);
			path = iOS11;
			sourceTree = "<group>";
		};
/* End PBXGroup section */

/* Begin PBXNativeTarget section */
		092C99351F05EF00005CBCB7 /* iOS11 */ = {
			isa = PBXNativeTarget;
			buildConfigurationList = 092C99481F05EF00005CBCB7 /* Build configuration list for PBXNativeTarget "iOS11" */;
			buildPhases = (
				092C99321F05EF00005CBCB7 /* Sources */,
				092C99331F05EF00005CBCB7 /* Frameworks */,
				092C99341F05EF00005CBCB7 /* Resources */,
			);
			buildRules = (
			);
			dependencies = (
			);
			name = iOS11;
			productName = iOS11;
			productReference = 092C99361F05EF00005CBCB7 /* iOS11.app */;
			productType = "com.apple.product-type.application";
		};
/* End PBXNativeTarget section */

/* Begin PBXProject section */
		092C992E1F05EF00005CBCB7 /* Project object */ = {
			isa = PBXProject;
			attributes = {
				LastSwiftUpdateCheck = 0900;
				LastUpgradeCheck = 0900;
				ORGANIZATIONNAME = Jincc;
				TargetAttributes = {
					092C99351F05EF00005CBCB7 = {
						CreatedOnToolsVersion = 9.0;
					};
				};
			};
			buildConfigurationList = 092C99311F05EF00005CBCB7 /* Build configuration list for PBXProject "iOS11" */;
			compatibilityVersion = "Xcode 8.0";
			developmentRegion = en;
			hasScannedForEncodings = 0;
			knownRegions = (
				en,
				Base,
			);
			mainGroup = 092C992D1F05EF00005CBCB7;
			productRefGroup = 092C99371F05EF00005CBCB7 /* Products */;
			projectDirPath = "";
			projectRoot = "";
			targets = (
				092C99351F05EF00005CBCB7 /* iOS11 */,
			);
		};
/* End PBXProject section */

/* Begin PBXResourcesBuildPhase section */
		092C99341F05EF00005CBCB7 /* Resources */ = {
			isa = PBXResourcesBuildPhase;
			buildActionMask = 2147483647;
			files = (
				092C99441F05EF00005CBCB7 /* LaunchScreen.storyboard in Resources */,
				092C99411F05EF00005CBCB7 /* Assets.xcassets in Resources */,
				092C993F1F05EF00005CBCB7 /* Main.storyboard in Resources */,
			);
			runOnlyForDeploymentPostprocessing = 0;
		};
/* End PBXResourcesBuildPhase section */

/* Begin PBXSourcesBuildPhase section */
		092C99321F05EF00005CBCB7 /* Sources */ = {
			isa = PBXSourcesBuildPhase;
			buildActionMask = 2147483647;
			files = (
				092C993C1F05EF00005CBCB7 /* ViewController.swift in Sources */,
				092C993A1F05EF00005CBCB7 /* AppDelegate.swift in Sources */,
			);
			runOnlyForDeploymentPostprocessing = 0;
		};
/* End PBXSourcesBuildPhase section */

/* Begin PBXVariantGroup section */
		092C993D1F05EF00005CBCB7 /* Main.storyboard */ = {
			isa = PBXVariantGroup;
			children = (
				092C993E1F05EF00005CBCB7 /* Base */,
			);
			name = Main.storyboard;
			sourceTree = "<group>";
		};
		092C99421F05EF00005CBCB7 /* LaunchScreen.storyboard */ = {
			isa = PBXVariantGroup;
			children = (
				092C99431F05EF00005CBCB7 /* Base */,
			);
			name = LaunchScreen.storyboard;
			sourceTree = "<group>";
		};
/* End PBXVariantGroup section */

/* Begin XCBuildConfiguration section */
		092C99461F05EF00005CBCB7 /* Debug */ = {
			isa = XCBuildConfiguration;
			buildSettings = {
				ALWAYS_SEARCH_USER_PATHS = NO;
				CLANG_ANALYZER_NONNULL = YES;
				CLANG_ANALYZER_NUMBER_OBJECT_CONVERSION = YES_AGGRESSIVE;
				CLANG_CXX_LANGUAGE_STANDARD = "gnu++14";
				CLANG_CXX_LIBRARY = "libc++";
				CLANG_ENABLE_MODULES = YES;
				CLANG_ENABLE_OBJC_ARC = YES;
				CLANG_WARN_BLOCK_CAPTURE_AUTORELEASING = YES;
				CLANG_WARN_BOOL_CONVERSION = YES;
				CLANG_WARN_COMMA = YES;
				CLANG_WARN_CONSTANT_CONVERSION = YES;
				CLANG_WARN_DIRECT_OBJC_ISA_USAGE = YES_ERROR;
				CLANG_WARN_DOCUMENTATION_COMMENTS = YES;
				CLANG_WARN_EMPTY_BODY = YES;
				CLANG_WARN_ENUM_CONVERSION = YES;
				CLANG_WARN_INFINITE_RECURSION = YES;
				CLANG_WARN_INT_CONVERSION = YES;
				CLANG_WARN_OBJC_ROOT_CLASS = YES_ERROR;
				CLANG_WARN_RANGE_LOOP_ANALYSIS = YES;
				CLANG_WARN_STRICT_PROTOTYPES = YES;
				CLANG_WARN_SUSPICIOUS_MOVE = YES;
				CLANG_WARN_UNGUARDED_AVAILABILITY = YES_AGGRESSIVE;
				CLANG_WARN_UNREACHABLE_CODE = YES;
				CLANG_WARN__DUPLICATE_METHOD_MATCH = YES;
				CODE_SIGN_IDENTITY = "iPhone Developer";
				COPY_PHASE_STRIP = NO;
				DEBUG_INFORMATION_FORMAT = dwarf;
				ENABLE_STRICT_OBJC_MSGSEND = YES;
				ENABLE_TESTABILITY = YES;
				GCC_C_LANGUAGE_STANDARD = gnu11;
				GCC_DYNAMIC_NO_PIC = NO;
				GCC_NO_COMMON_BLOCKS = YES;
				GCC_OPTIMIZATION_LEVEL = 0;
				GCC_PREPROCESSOR_DEFINITIONS = (
					"DEBUG=1",
					"$(inherited)",
				);
				GCC_WARN_64_TO_32_BIT_CONVERSION = YES;
				GCC_WARN_ABOUT_RETURN_TYPE = YES_ERROR;
				GCC_WARN_UNDECLARED_SELECTOR = YES;
				GCC_WARN_UNINITIALIZED_AUTOS = YES_AGGRESSIVE;
				GCC_WARN_UNUSED_FUNCTION = YES;
				GCC_WARN_UNUSED_VARIABLE = YES;
				IPHONEOS_DEPLOYMENT_TARGET = 11.0;
				MTL_ENABLE_DEBUG_INFO = YES;
				ONLY_ACTIVE_ARCH = YES;
				SDKROOT = iphoneos;
				SWIFT_ACTIVE_COMPILATION_CONDITIONS = DEBUG;
				SWIFT_OPTIMIZATION_LEVEL = "-Onone";
			};
			name = Debug;
		};
		092C99471F05EF00005CBCB7 /* Release */ = {
			isa = XCBuildConfiguration;
			buildSettings = {
				ALWAYS_SEARCH_USER_PATHS = NO;
				CLANG_ANALYZER_NONNULL = YES;
				CLANG_ANALYZER_NUMBER_OBJECT_CONVERSION = YES_AGGRESSIVE;
				CLANG_CXX_LANGUAGE_STANDARD = "gnu++14";
				CLANG_CXX_LIBRARY = "libc++";
				CLANG_ENABLE_MODULES = YES;
				CLANG_ENABLE_OBJC_ARC = YES;
				CLANG_WARN_BLOCK_CAPTURE_AUTORELEASING = YES;
				CLANG_WARN_BOOL_CONVERSION = YES;
				CLANG_WARN_COMMA = YES;
				CLANG_WARN_CONSTANT_CONVERSION = YES;
				CLANG_WARN_DIRECT_OBJC_ISA_USAGE = YES_ERROR;
				CLANG_WARN_DOCUMENTATION_COMMENTS = YES;
				CLANG_WARN_EMPTY_BODY = YES;
				CLANG_WARN_ENUM_CONVERSION = YES;
				CLANG_WARN_INFINITE_RECURSION = YES;
				CLANG_WARN_INT_CONVERSION = YES;
				CLANG_WARN_OBJC_ROOT_CLASS = YES_ERROR;
				CLANG_WARN_RANGE_LOOP_ANALYSIS = YES;
				CLANG_WARN_STRICT_PROTOTYPES = YES;
				CLANG_WARN_SUSPICIOUS_MOVE = YES;
				CLANG_WARN_UNGUARDED_AVAILABILITY = YES_AGGRESSIVE;
				CLANG_WARN_UNREACHABLE_CODE = YES;
				CLANG_WARN__DUPLICATE_METHOD_MATCH = YES;
				CODE_SIGN_IDENTITY = "iPhone Developer";
				COPY_PHASE_STRIP = NO;
				DEBUG_INFORMATION_FORMAT = "dwarf-with-dsym";
				ENABLE_NS_ASSERTIONS = NO;
				ENABLE_STRICT_OBJC_MSGSEND = YES;
				GCC_C_LANGUAGE_STANDARD = gnu11;
				GCC_NO_COMMON_BLOCKS = YES;
				GCC_WARN_64_TO_32_BIT_CONVERSION = YES;
				GCC_WARN_ABOUT_RETURN_TYPE = YES_ERROR;
				GCC_WARN_UNDECLARED_SELECTOR = YES;
				GCC_WARN_UNINITIALIZED_AUTOS = YES_AGGRESSIVE;
				GCC_WARN_UNUSED_FUNCTION = YES;
				GCC_WARN_UNUSED_VARIABLE = YES;
				IPHONEOS_DEPLOYMENT_TARGET = 11.0;
				MTL_ENABLE_DEBUG_INFO = NO;
				SDKROOT = iphoneos;
				SWIFT_OPTIMIZATION_LEVEL = "-Owholemodule";
				VALIDATE_PRODUCT = YES;
			};
			name = Release;
		};
		092C99491F05EF00005CBCB7 /* Debug */ = {
			isa = XCBuildConfiguration;
			buildSettings = {
				ASSETCATALOG_COMPILER_APPICON_NAME = AppIcon;
				DEVELOPMENT_TEAM = K78T9LD5UA;
				INFOPLIST_FILE = iOS11/Info.plist;
				LD_RUNPATH_SEARCH_PATHS = "$(inherited) @executable_path/Frameworks";
				PRODUCT_BUNDLE_IDENTIFIER = Jincc.iOS11;
				PRODUCT_NAME = "$(TARGET_NAME)";
				SWIFT_VERSION = 4.0;
				TARGETED_DEVICE_FAMILY = "1,2";
			};
			name = Debug;
		};
		092C994A1F05EF00005CBCB7 /* Release */ = {
			isa = XCBuildConfiguration;
			buildSettings = {
				ASSETCATALOG_COMPILER_APPICON_NAME = AppIcon;
				DEVELOPMENT_TEAM = K78T9LD5UA;
				INFOPLIST_FILE = iOS11/Info.plist;
				LD_RUNPATH_SEARCH_PATHS = "$(inherited) @executable_path/Frameworks";
				PRODUCT_BUNDLE_IDENTIFIER = Jincc.iOS11;
				PRODUCT_NAME = "$(TARGET_NAME)";
				SWIFT_VERSION = 4.0;
				TARGETED_DEVICE_FAMILY = "1,2";
			};
			name = Release;
		};
/* End XCBuildConfiguration section */

/* Begin XCConfigurationList section */
		092C99311F05EF00005CBCB7 /* Build configuration list for PBXProject "iOS11" */ = {
			isa = XCConfigurationList;
			buildConfigurations = (
				092C99461F05EF00005CBCB7 /* Debug */,
				092C99471F05EF00005CBCB7 /* Release */,
			);
			defaultConfigurationIsVisible = 0;
			defaultConfigurationName = Release;
		};
		092C99481F05EF00005CBCB7 /* Build configuration list for PBXNativeTarget "iOS11" */ = {
			isa = XCConfigurationList;
			buildConfigurations = (
				092C99491F05EF00005CBCB7 /* Debug */,
				092C994A1F05EF00005CBCB7 /* Release */,
			);
			defaultConfigurationIsVisible = 0;
		};
/* End XCConfigurationList section */
	};
	rootObject = 092C992E1F05EF00005CBCB7 /* Project object */;
}
